
Microsoft Visual Studio Solution File, Format Version 12.00
# Visual Studio Version 16
VisualStudioVersion = 16.0.30413.136
MinimumVisualStudioVersion = 10.0.40219.1
Project("{2150E333-8FDC-42A3-9474-1A3956D46DE8}") = "src", "src", "{433CA950-DF26-4B3C-AE46-107002EBB174}"
EndProject
Project("{9A19103F-16F7-4668-BE54-9A1E7A4F7556}") = "AbpBase.Domain.Shared", "src\AbpBase.Domain.Shared\AbpBase.Domain.Shared.csproj", "{FEB980EC-C775-43DF-81D4-A8CDF0728538}"
EndProject
Project("{9A19103F-16F7-4668-BE54-9A1E7A4F7556}") = "AbpBase.Domain", "src\AbpBase.Domain\AbpBase.Domain.csproj", "{4735EE84-0320-4EA2-9086-2BD3B73995A9}"
EndProject
Project("{9A19103F-16F7-4668-BE54-9A1E7A4F7556}") = "AbpBase.Application.Contracts", "src\AbpBase.Application.Contracts\AbpBase.Application.Contracts.csproj", "{CFCF95DB-53BD-43E9-A4CA-E2C0E29D6866}"
EndProject
Project("{9A19103F-16F7-4668-BE54-9A1E7A4F7556}") = "AbpBase.Application", "src\AbpBase.Application\AbpBase.Application.csproj", "{556047E6-BA4F-4A90-99B9-A289B504C01E}"
EndProject
Project("{9A19103F-16F7-4668-BE54-9A1E7A4F7556}") = "AbpBase.Database", "src\AbpBase.Database\AbpBase.Database.csproj", "{57013CE1-6765-42B2-BCED-6561FD178E60}"
EndProject
Project("{9A19103F-16F7-4668-BE54-9A1E7A4F7556}") = "AbpBase.Web", "src\AbpBase.Web\AbpBase.Web.csproj", "{3D8EEE3A-AF59-4526-89D9-C8DE60F314CF}"
EndProject
Project("{9A19103F-16F7-4668-BE54-9A1E7A4F7556}") = "AbpBase.HttpApi", "src\AbpBase.HttpApi\AbpBase.HttpApi.csproj", "{1FBDB95C-CEEA-4403-95AA-565CD0FF29B9}"
EndProject
Project("{2150E333-8FDC-42A3-9474-1A3956D46DE8}") = "examples", "examples", "{A1B03BC9-7CDF-4BFB-8002-1695DD15E7C4}"
EndProject
Project("{2150E333-8FDC-42A3-9474-1A3956D46DE8}") = "tracing", "tracing", "{F50F4256-4D90-4245-8035-B8559BECDB35}"
EndProject
Project("{9A19103F-16F7-4668-BE54-9A1E7A4F7556}") = "CZGL.Tracing", "tracing\CZGL.Tracing\CZGL.Tracing.csproj", "{642CDE08-9F9E-4B6B-B157-C4F5335F4007}"
EndProject
Project("{2150E333-8FDC-42A3-9474-1A3956D46DE8}") = "tests", "tests", "{BC4CC1E4-7B8E-4C93-A828-CE97D1896912}"
EndProject
Project("{9A19103F-16F7-4668-BE54-9A1E7A4F7556}") = "CZGL.Tracing.UI", "tracing\CZGL.Tracing.UI\CZGL.Tracing.UI.csproj", "{E9760A37-F673-4343-B039-3DAC3ED4E1D0}"
EndProject
Project("{9A19103F-16F7-4668-BE54-9A1E7A4F7556}") = "ConsoleApp1", "examples\ConsoleApp1\ConsoleApp1.csproj", "{1B93AE32-E8D4-4C00-8A8C-10E6B7375CA1}"
EndProject
Project("{9A19103F-16F7-4668-BE54-9A1E7A4F7556}") = "WebApplication1", "examples\WebApplication1\WebApplication1.csproj", "{A530BDD7-FE0B-4E75-820D-691521534EF9}"
EndProject
Project("{9A19103F-16F7-4668-BE54-9A1E7A4F7556}") = "TracingGrpcService", "examples\TracingGrpcService\TracingGrpcService.csproj", "{D3BD22D8-6B19-428D-8C41-9942E65BF9AF}"
EndProject
Project("{9A19103F-16F7-4668-BE54-9A1E7A4F7556}") = "TracingUIGrpcService", "examples\TracingUIGrpcService\TracingUIGrpcService.csproj", "{6A6528C5-D0D0-491B-9AF0-841CB8195B7C}"
EndProject
Global
	GlobalSection(SolutionConfigurationPlatforms) = preSolution
		Debug|Any CPU = Debug|Any CPU
		Release|Any CPU = Release|Any CPU
	EndGlobalSection
	GlobalSection(ProjectConfigurationPlatforms) = postSolution
		{FEB980EC-C775-43DF-81D4-A8CDF0728538}.Debug|Any CPU.ActiveCfg = Debug|Any CPU
		{FEB980EC-C775-43DF-81D4-A8CDF0728538}.Debug|Any CPU.Build.0 = Debug|Any CPU
		{FEB980EC-C775-43DF-81D4-A8CDF0728538}.Release|Any CPU.ActiveCfg = Release|Any CPU
		{FEB980EC-C775-43DF-81D4-A8CDF0728538}.Release|Any CPU.Build.0 = Release|Any CPU
		{4735EE84-0320-4EA2-9086-2BD3B73995A9}.Debug|Any CPU.ActiveCfg = Debug|Any CPU
		{4735EE84-0320-4EA2-9086-2BD3B73995A9}.Debug|Any CPU.Build.0 = Debug|Any CPU
		{4735EE84-0320-4EA2-9086-2BD3B73995A9}.Release|Any CPU.ActiveCfg = Release|Any CPU
		{4735EE84-0320-4EA2-9086-2BD3B73995A9}.Release|Any CPU.Build.0 = Release|Any CPU
		{CFCF95DB-53BD-43E9-A4CA-E2C0E29D6866}.Debug|Any CPU.ActiveCfg = Debug|Any CPU
		{CFCF95DB-53BD-43E9-A4CA-E2C0E29D6866}.Debug|Any CPU.Build.0 = Debug|Any CPU
		{CFCF95DB-53BD-43E9-A4CA-E2C0E29D6866}.Release|Any CPU.ActiveCfg = Release|Any CPU
		{CFCF95DB-53BD-43E9-A4CA-E2C0E29D6866}.Release|Any CPU.Build.0 = Release|Any CPU
		{556047E6-BA4F-4A90-99B9-A289B504C01E}.Debug|Any CPU.ActiveCfg = Debug|Any CPU
		{556047E6-BA4F-4A90-99B9-A289B504C01E}.Debug|Any CPU.Build.0 = Debug|Any CPU
		{556047E6-BA4F-4A90-99B9-A289B504C01E}.Release|Any CPU.ActiveCfg = Release|Any CPU
		{556047E6-BA4F-4A90-99B9-A289B504C01E}.Release|Any CPU.Build.0 = Release|Any CPU
		{57013CE1-6765-42B2-BCED-6561FD178E60}.Debug|Any CPU.ActiveCfg = Debug|Any CPU
		{57013CE1-6765-42B2-BCED-6561FD178E60}.Debug|Any CPU.Build.0 = Debug|Any CPU
		{57013CE1-6765-42B2-BCED-6561FD178E60}.Release|Any CPU.ActiveCfg = Release|Any CPU
		{57013CE1-6765-42B2-BCED-6561FD178E60}.Release|Any CPU.Build.0 = Release|Any CPU
		{3D8EEE3A-AF59-4526-89D9-C8DE60F314CF}.Debug|Any CPU.ActiveCfg = Debug|Any CPU
		{3D8EEE3A-AF59-4526-89D9-C8DE60F314CF}.Debug|Any CPU.Build.0 = Debug|Any CPU
		{3D8EEE3A-AF59-4526-89D9-C8DE60F314CF}.Release|Any CPU.ActiveCfg = Release|Any CPU
		{3D8EEE3A-AF59-4526-89D9-C8DE60F314CF}.Release|Any CPU.Build.0 = Release|Any CPU
		{1FBDB95C-CEEA-4403-95AA-565CD0FF29B9}.Debug|Any CPU.ActiveCfg = Debug|Any CPU
		{1FBDB95C-CEEA-4403-95AA-565CD0FF29B9}.Debug|Any CPU.Build.0 = Debug|Any CPU
		{1FBDB95C-CEEA-4403-95AA-565CD0FF29B9}.Release|Any CPU.ActiveCfg = Release|Any CPU
		{1FBDB95C-CEEA-4403-95AA-565CD0FF29B9}.Release|Any CPU.Build.0 = Release|Any CPU
		{642CDE08-9F9E-4B6B-B157-C4F5335F4007}.Debug|Any CPU.ActiveCfg = Debug|Any CPU
		{642CDE08-9F9E-4B6B-B157-C4F5335F4007}.Debug|Any CPU.Build.0 = Debug|Any CPU
		{642CDE08-9F9E-4B6B-B157-C4F5335F4007}.Release|Any CPU.ActiveCfg = Release|Any CPU
		{642CDE08-9F9E-4B6B-B157-C4F5335F4007}.Release|Any CPU.Build.0 = Release|Any CPU
		{E9760A37-F673-4343-B039-3DAC3ED4E1D0}.Debug|Any CPU.ActiveCfg = Debug|Any CPU
		{E9760A37-F673-4343-B039-3DAC3ED4E1D0}.Debug|Any CPU.Build.0 = Debug|Any CPU
		{E9760A37-F673-4343-B039-3DAC3ED4E1D0}.Release|Any CPU.ActiveCfg = Release|Any CPU
		{E9760A37-F673-4343-B039-3DAC3ED4E1D0}.Release|Any CPU.Build.0 = Release|Any CPU
		{1B93AE32-E8D4-4C00-8A8C-10E6B7375CA1}.Debug|Any CPU.ActiveCfg = Debug|Any CPU
		{1B93AE32-E8D4-4C00-8A8C-10E6B7375CA1}.Debug|Any CPU.Build.0 = Debug|Any CPU
		{1B93AE32-E8D4-4C00-8A8C-10E6B7375CA1}.Release|Any CPU.ActiveCfg = Release|Any CPU
		{1B93AE32-E8D4-4C00-8A8C-10E6B7375CA1}.Release|Any CPU.Build.0 = Release|Any CPU
		{A530BDD7-FE0B-4E75-820D-691521534EF9}.Debug|Any CPU.ActiveCfg = Debug|Any CPU
		{A530BDD7-FE0B-4E75-820D-691521534EF9}.Debug|Any CPU.Build.0 = Debug|Any CPU
		{A530BDD7-FE0B-4E75-820D-691521534EF9}.Release|Any CPU.ActiveCfg = Release|Any CPU
		{A530BDD7-FE0B-4E75-820D-691521534EF9}.Release|Any CPU.Build.0 = Release|Any CPU
		{D3BD22D8-6B19-428D-8C41-9942E65BF9AF}.Debug|Any CPU.ActiveCfg = Debug|Any CPU
		{D3BD22D8-6B19-428D-8C41-9942E65BF9AF}.Debug|Any CPU.Build.0 = Debug|Any CPU
		{D3BD22D8-6B19-428D-8C41-9942E65BF9AF}.Release|Any CPU.ActiveCfg = Release|Any CPU
		{D3BD22D8-6B19-428D-8C41-9942E65BF9AF}.Release|Any CPU.Build.0 = Release|Any CPU
		{6A6528C5-D0D0-491B-9AF0-841CB8195B7C}.Debug|Any CPU.ActiveCfg = Debug|Any CPU
		{6A6528C5-D0D0-491B-9AF0-841CB8195B7C}.Debug|Any CPU.Build.0 = Debug|Any CPU
		{6A6528C5-D0D0-491B-9AF0-841CB8195B7C}.Release|Any CPU.ActiveCfg = Release|Any CPU
		{6A6528C5-D0D0-491B-9AF0-841CB8195B7C}.Release|Any CPU.Build.0 = Release|Any CPU
	EndGlobalSection
	GlobalSection(SolutionProperties) = preSolution
		HideSolutionNode = FALSE
	EndGlobalSection
	GlobalSection(NestedProjects) = preSolution
		{FEB980EC-C775-43DF-81D4-A8CDF0728538} = {433CA950-DF26-4B3C-AE46-107002EBB174}
		{4735EE84-0320-4EA2-9086-2BD3B73995A9} = {433CA950-DF26-4B3C-AE46-107002EBB174}
		{CFCF95DB-53BD-43E9-A4CA-E2C0E29D6866} = {433CA950-DF26-4B3C-AE46-107002EBB174}
		{556047E6-BA4F-4A90-99B9-A289B504C01E} = {433CA950-DF26-4B3C-AE46-107002EBB174}
		{57013CE1-6765-42B2-BCED-6561FD178E60} = {433CA950-DF26-4B3C-AE46-107002EBB174}
		{3D8EEE3A-AF59-4526-89D9-C8DE60F314CF} = {433CA950-DF26-4B3C-AE46-107002EBB174}
		{1FBDB95C-CEEA-4403-95AA-565CD0FF29B9} = {433CA950-DF26-4B3C-AE46-107002EBB174}
		{642CDE08-9F9E-4B6B-B157-C4F5335F4007} = {F50F4256-4D90-4245-8035-B8559BECDB35}
		{BC4CC1E4-7B8E-4C93-A828-CE97D1896912} = {F50F4256-4D90-4245-8035-B8559BECDB35}
		{E9760A37-F673-4343-B039-3DAC3ED4E1D0} = {F50F4256-4D90-4245-8035-B8559BECDB35}
		{1B93AE32-E8D4-4C00-8A8C-10E6B7375CA1} = {A1B03BC9-7CDF-4BFB-8002-1695DD15E7C4}
		{A530BDD7-FE0B-4E75-820D-691521534EF9} = {A1B03BC9-7CDF-4BFB-8002-1695DD15E7C4}
		{D3BD22D8-6B19-428D-8C41-9942E65BF9AF} = {A1B03BC9-7CDF-4BFB-8002-1695DD15E7C4}
		{6A6528C5-D0D0-491B-9AF0-841CB8195B7C} = {A1B03BC9-7CDF-4BFB-8002-1695DD15E7C4}
	EndGlobalSection
	GlobalSection(ExtensibilityGlobals) = postSolution
		SolutionGuid = {95352C08-1093-4596-A997-238443378777}
	EndGlobalSection
EndGlobal
