
Microsoft Visual Studio Solution File, Format Version 12.00
# Visual Studio Version 16
VisualStudioVersion = 16.0.30711.63
MinimumVisualStudioVersion = 10.0.40219.1
Project("{9A19103F-16F7-4668-BE54-9A1E7A4F7556}") = "CZGL.DT", "src\CZGL.DT\CZGL.DT.csproj", "{2636882A-5532-4DB7-88B3-74C4D4DCD931}"
EndProject
Project("{2150E333-8FDC-42A3-9474-1A3956D46DE8}") = "src", "src", "{DF24CDFA-D012-45E6-947C-B299FA4040B9}"
EndProject
Project("{FAE04EC0-301F-11D3-BF4B-00C04F79EFBC}") = "GrpcService2", "GrpcService2\GrpcService2.csproj", "{C1C8A294-2E09-4E88-B1D4-F0A3BF25F188}"
EndProject
Global
	GlobalSection(SolutionConfigurationPlatforms) = preSolution
		Debug|Any CPU = Debug|Any CPU
		Release|Any CPU = Release|Any CPU
	EndGlobalSection
	GlobalSection(ProjectConfigurationPlatforms) = postSolution
		{2636882A-5532-4DB7-88B3-74C4D4DCD931}.Debug|Any CPU.ActiveCfg = Debug|Any CPU
		{2636882A-5532-4DB7-88B3-74C4D4DCD931}.Debug|Any CPU.Build.0 = Debug|Any CPU
		{2636882A-5532-4DB7-88B3-74C4D4DCD931}.Release|Any CPU.ActiveCfg = Release|Any CPU
		{2636882A-5532-4DB7-88B3-74C4D4DCD931}.Release|Any CPU.Build.0 = Release|Any CPU
		{C1C8A294-2E09-4E88-B1D4-F0A3BF25F188}.Debug|Any CPU.ActiveCfg = Debug|Any CPU
		{C1C8A294-2E09-4E88-B1D4-F0A3BF25F188}.Debug|Any CPU.Build.0 = Debug|Any CPU
		{C1C8A294-2E09-4E88-B1D4-F0A3BF25F188}.Release|Any CPU.ActiveCfg = Release|Any CPU
		{C1C8A294-2E09-4E88-B1D4-F0A3BF25F188}.Release|Any CPU.Build.0 = Release|Any CPU
	EndGlobalSection
	GlobalSection(SolutionProperties) = preSolution
		HideSolutionNode = FALSE
	EndGlobalSection
	GlobalSection(NestedProjects) = preSolution
		{2636882A-5532-4DB7-88B3-74C4D4DCD931} = {DF24CDFA-D012-45E6-947C-B299FA4040B9}
		{C1C8A294-2E09-4E88-B1D4-F0A3BF25F188} = {DF24CDFA-D012-45E6-947C-B299FA4040B9}
	EndGlobalSection
	GlobalSection(ExtensibilityGlobals) = postSolution
		SolutionGuid = {1E769A69-060A-4D1F-9098-99FBDC217A87}
	EndGlobalSection
EndGlobal
